
Microsoft Visual Studio Solution File, Format Version 12.00
# Visual Studio 15
VisualStudioVersion = 15.0.26124.0
MinimumVisualStudioVersion = 15.0.26124.0
Project("{9A19103F-16F7-4668-BE54-9A1E7A4F7556}") = "Monyk.Probe.Checkers.Tests", "test\Monyk.Probe.Checkers.Tests\Monyk.Probe.Checkers.Tests.csproj", "{2B967932-98E2-4021-AA65-7C446670B98E}"
EndProject
Project("{9A19103F-16F7-4668-BE54-9A1E7A4F7556}") = "Monyk.Probe.Main", "src\Monyk.Probe.Main\Monyk.Probe.Main.csproj", "{D2033E27-0D48-4155-8E13-312EE0EF8763}"
EndProject
Project("{9A19103F-16F7-4668-BE54-9A1E7A4F7556}") = "Monyk.GroundControl.Main", "src\Monyk.GroundControl.Main\Monyk.GroundControl.Main.csproj", "{2E5542A2-0D18-40A3-B30E-6CC7B853AE16}"
EndProject
Project("{9A19103F-16F7-4668-BE54-9A1E7A4F7556}") = "Monyk.GroundControl.Db", "src\Monyk.GroundControl.Db\Monyk.GroundControl.Db.csproj", "{62D2BCD7-7545-4C74-97A7-3806D6F76B02}"
EndProject
Project("{9A19103F-16F7-4668-BE54-9A1E7A4F7556}") = "Monyk.GroundControl.Services", "src\Monyk.GroundControl.Services\Monyk.GroundControl.Services.csproj", "{A1A592C3-C0A1-4CE2-AE65-5CD54BE79A30}"
EndProject
Project("{2150E333-8FDC-42A3-9474-1A3956D46DE8}") = "Probe", "Probe", "{A653D5D2-56A4-4F5E-B585-5EC6C0814294}"
EndProject
Project("{2150E333-8FDC-42A3-9474-1A3956D46DE8}") = "GroundControl", "GroundControl", "{91B8D1DD-A173-48F0-9DEC-69CFCDAAB7F0}"
EndProject
Project("{9A19103F-16F7-4668-BE54-9A1E7A4F7556}") = "Monyk.Probe.Checkers", "src\Monyk.Probe.Checkers\Monyk.Probe.Checkers.csproj", "{6F687258-6503-42AB-A8FD-94FB8D7AC4E9}"
EndProject
Project("{2150E333-8FDC-42A3-9474-1A3956D46DE8}") = "Lab", "Lab", "{41650A92-CBFA-43C0-92DB-1789B208BC81}"
EndProject
Project("{9A19103F-16F7-4668-BE54-9A1E7A4F7556}") = "Monyk.Common.Communicator", "src\Monyk.Common.Communicator\Monyk.Common.Communicator.csproj", "{1088FD74-6D99-4889-ABA8-FBADD7441881}"
EndProject
Project("{9A19103F-16F7-4668-BE54-9A1E7A4F7556}") = "Monyk.Common.Models", "src\Monyk.Common.Models\Monyk.Common.Models.csproj", "{0EE864AC-17F2-4C7E-A5E5-6295873305EF}"
EndProject
Project("{2150E333-8FDC-42A3-9474-1A3956D46DE8}") = "Common", "Common", "{9C4D6BDE-69A9-40A1-BAE8-CBEBB990B137}"
EndProject
Project("{2150E333-8FDC-42A3-9474-1A3956D46DE8}") = "Solution Items", "Solution Items", "{6073B3B8-5537-4F94-BBBD-09EAB646A5C7}"
	ProjectSection(SolutionItems) = preProject
		.editorconfig = .editorconfig
		.filenesting.json = .filenesting.json
		README.md = README.md
	EndProjectSection
EndProject
Project("{9A19103F-16F7-4668-BE54-9A1E7A4F7556}") = "Monyk.Common.Startup", "src\Monyk.Common.Startup\Monyk.Common.Startup.csproj", "{2D771EA8-5667-4A34-85EB-14F939BE6625}"
EndProject
Project("{9A19103F-16F7-4668-BE54-9A1E7A4F7556}") = "Monyk.Lab.Main", "src\Monyk.Lab.Main\Monyk.Lab.Main.csproj", "{7C39D557-5BCA-46AA-A20F-84D5AEC89C83}"
EndProject
Project("{9A19103F-16F7-4668-BE54-9A1E7A4F7556}") = "Monyk.GroundControl.Models", "Monyk.GroundControl.Models\Monyk.GroundControl.Models.csproj", "{C17273E7-1A42-4B3D-B7D2-897E5FA35861}"
EndProject
Project("{9A19103F-16F7-4668-BE54-9A1E7A4F7556}") = "Monyk.GroundControl.ApiClient", "Monyk.GroundControl.ApiClient\Monyk.GroundControl.ApiClient.csproj", "{E8F53940-7D82-4F1C-8621-4084A7D1DF3D}"
EndProject
Project("{E53339B2-1760-4266-BCC7-CA923CBCF16C}") = "docker-compose", "docker-compose.dcproj", "{52DA9560-2AFB-4291-81D3-88D579E6E9A7}"
EndProject
Global
	GlobalSection(SolutionConfigurationPlatforms) = preSolution
		Debug|Any CPU = Debug|Any CPU
		Debug|x64 = Debug|x64
		Debug|x86 = Debug|x86
		Release|Any CPU = Release|Any CPU
		Release|x64 = Release|x64
		Release|x86 = Release|x86
	EndGlobalSection
	GlobalSection(ProjectConfigurationPlatforms) = postSolution
		{2B967932-98E2-4021-AA65-7C446670B98E}.Debug|Any CPU.ActiveCfg = Debug|Any CPU
		{2B967932-98E2-4021-AA65-7C446670B98E}.Debug|Any CPU.Build.0 = Debug|Any CPU
		{2B967932-98E2-4021-AA65-7C446670B98E}.Debug|x64.ActiveCfg = Debug|Any CPU
		{2B967932-98E2-4021-AA65-7C446670B98E}.Debug|x64.Build.0 = Debug|Any CPU
		{2B967932-98E2-4021-AA65-7C446670B98E}.Debug|x86.ActiveCfg = Debug|Any CPU
		{2B967932-98E2-4021-AA65-7C446670B98E}.Debug|x86.Build.0 = Debug|Any CPU
		{2B967932-98E2-4021-AA65-7C446670B98E}.Release|Any CPU.ActiveCfg = Release|Any CPU
		{2B967932-98E2-4021-AA65-7C446670B98E}.Release|Any CPU.Build.0 = Release|Any CPU
		{2B967932-98E2-4021-AA65-7C446670B98E}.Release|x64.ActiveCfg = Release|Any CPU
		{2B967932-98E2-4021-AA65-7C446670B98E}.Release|x64.Build.0 = Release|Any CPU
		{2B967932-98E2-4021-AA65-7C446670B98E}.Release|x86.ActiveCfg = Release|Any CPU
		{2B967932-98E2-4021-AA65-7C446670B98E}.Release|x86.Build.0 = Release|Any CPU
		{D2033E27-0D48-4155-8E13-312EE0EF8763}.Debug|Any CPU.ActiveCfg = Debug|Any CPU
		{D2033E27-0D48-4155-8E13-312EE0EF8763}.Debug|Any CPU.Build.0 = Debug|Any CPU
		{D2033E27-0D48-4155-8E13-312EE0EF8763}.Debug|x64.ActiveCfg = Debug|Any CPU
		{D2033E27-0D48-4155-8E13-312EE0EF8763}.Debug|x64.Build.0 = Debug|Any CPU
		{D2033E27-0D48-4155-8E13-312EE0EF8763}.Debug|x86.ActiveCfg = Debug|Any CPU
		{D2033E27-0D48-4155-8E13-312EE0EF8763}.Debug|x86.Build.0 = Debug|Any CPU
		{D2033E27-0D48-4155-8E13-312EE0EF8763}.Release|Any CPU.ActiveCfg = Release|Any CPU
		{D2033E27-0D48-4155-8E13-312EE0EF8763}.Release|Any CPU.Build.0 = Release|Any CPU
		{D2033E27-0D48-4155-8E13-312EE0EF8763}.Release|x64.ActiveCfg = Release|Any CPU
		{D2033E27-0D48-4155-8E13-312EE0EF8763}.Release|x64.Build.0 = Release|Any CPU
		{D2033E27-0D48-4155-8E13-312EE0EF8763}.Release|x86.ActiveCfg = Release|Any CPU
		{D2033E27-0D48-4155-8E13-312EE0EF8763}.Release|x86.Build.0 = Release|Any CPU
		{2E5542A2-0D18-40A3-B30E-6CC7B853AE16}.Debug|Any CPU.ActiveCfg = Debug|Any CPU
		{2E5542A2-0D18-40A3-B30E-6CC7B853AE16}.Debug|Any CPU.Build.0 = Debug|Any CPU
		{2E5542A2-0D18-40A3-B30E-6CC7B853AE16}.Debug|x64.ActiveCfg = Debug|Any CPU
		{2E5542A2-0D18-40A3-B30E-6CC7B853AE16}.Debug|x64.Build.0 = Debug|Any CPU
		{2E5542A2-0D18-40A3-B30E-6CC7B853AE16}.Debug|x86.ActiveCfg = Debug|Any CPU
		{2E5542A2-0D18-40A3-B30E-6CC7B853AE16}.Debug|x86.Build.0 = Debug|Any CPU
		{2E5542A2-0D18-40A3-B30E-6CC7B853AE16}.Release|Any CPU.ActiveCfg = Release|Any CPU
		{2E5542A2-0D18-40A3-B30E-6CC7B853AE16}.Release|Any CPU.Build.0 = Release|Any CPU
		{2E5542A2-0D18-40A3-B30E-6CC7B853AE16}.Release|x64.ActiveCfg = Release|Any CPU
		{2E5542A2-0D18-40A3-B30E-6CC7B853AE16}.Release|x64.Build.0 = Release|Any CPU
		{2E5542A2-0D18-40A3-B30E-6CC7B853AE16}.Release|x86.ActiveCfg = Release|Any CPU
		{2E5542A2-0D18-40A3-B30E-6CC7B853AE16}.Release|x86.Build.0 = Release|Any CPU
		{62D2BCD7-7545-4C74-97A7-3806D6F76B02}.Debug|Any CPU.ActiveCfg = Debug|Any CPU
		{62D2BCD7-7545-4C74-97A7-3806D6F76B02}.Debug|Any CPU.Build.0 = Debug|Any CPU
		{62D2BCD7-7545-4C74-97A7-3806D6F76B02}.Debug|x64.ActiveCfg = Debug|Any CPU
		{62D2BCD7-7545-4C74-97A7-3806D6F76B02}.Debug|x64.Build.0 = Debug|Any CPU
		{62D2BCD7-7545-4C74-97A7-3806D6F76B02}.Debug|x86.ActiveCfg = Debug|Any CPU
		{62D2BCD7-7545-4C74-97A7-3806D6F76B02}.Debug|x86.Build.0 = Debug|Any CPU
		{62D2BCD7-7545-4C74-97A7-3806D6F76B02}.Release|Any CPU.ActiveCfg = Release|Any CPU
		{62D2BCD7-7545-4C74-97A7-3806D6F76B02}.Release|Any CPU.Build.0 = Release|Any CPU
		{62D2BCD7-7545-4C74-97A7-3806D6F76B02}.Release|x64.ActiveCfg = Release|Any CPU
		{62D2BCD7-7545-4C74-97A7-3806D6F76B02}.Release|x64.Build.0 = Release|Any CPU
		{62D2BCD7-7545-4C74-97A7-3806D6F76B02}.Release|x86.ActiveCfg = Release|Any CPU
		{62D2BCD7-7545-4C74-97A7-3806D6F76B02}.Release|x86.Build.0 = Release|Any CPU
		{A1A592C3-C0A1-4CE2-AE65-5CD54BE79A30}.Debug|Any CPU.ActiveCfg = Debug|Any CPU
		{A1A592C3-C0A1-4CE2-AE65-5CD54BE79A30}.Debug|Any CPU.Build.0 = Debug|Any CPU
		{A1A592C3-C0A1-4CE2-AE65-5CD54BE79A30}.Debug|x64.ActiveCfg = Debug|Any CPU
		{A1A592C3-C0A1-4CE2-AE65-5CD54BE79A30}.Debug|x64.Build.0 = Debug|Any CPU
		{A1A592C3-C0A1-4CE2-AE65-5CD54BE79A30}.Debug|x86.ActiveCfg = Debug|Any CPU
		{A1A592C3-C0A1-4CE2-AE65-5CD54BE79A30}.Debug|x86.Build.0 = Debug|Any CPU
		{A1A592C3-C0A1-4CE2-AE65-5CD54BE79A30}.Release|Any CPU.ActiveCfg = Release|Any CPU
		{A1A592C3-C0A1-4CE2-AE65-5CD54BE79A30}.Release|Any CPU.Build.0 = Release|Any CPU
		{A1A592C3-C0A1-4CE2-AE65-5CD54BE79A30}.Release|x64.ActiveCfg = Release|Any CPU
		{A1A592C3-C0A1-4CE2-AE65-5CD54BE79A30}.Release|x64.Build.0 = Release|Any CPU
		{A1A592C3-C0A1-4CE2-AE65-5CD54BE79A30}.Release|x86.ActiveCfg = Release|Any CPU
		{A1A592C3-C0A1-4CE2-AE65-5CD54BE79A30}.Release|x86.Build.0 = Release|Any CPU
		{6F687258-6503-42AB-A8FD-94FB8D7AC4E9}.Debug|Any CPU.ActiveCfg = Debug|Any CPU
		{6F687258-6503-42AB-A8FD-94FB8D7AC4E9}.Debug|Any CPU.Build.0 = Debug|Any CPU
		{6F687258-6503-42AB-A8FD-94FB8D7AC4E9}.Debug|x64.ActiveCfg = Debug|Any CPU
		{6F687258-6503-42AB-A8FD-94FB8D7AC4E9}.Debug|x64.Build.0 = Debug|Any CPU
		{6F687258-6503-42AB-A8FD-94FB8D7AC4E9}.Debug|x86.ActiveCfg = Debug|Any CPU
		{6F687258-6503-42AB-A8FD-94FB8D7AC4E9}.Debug|x86.Build.0 = Debug|Any CPU
		{6F687258-6503-42AB-A8FD-94FB8D7AC4E9}.Release|Any CPU.ActiveCfg = Release|Any CPU
		{6F687258-6503-42AB-A8FD-94FB8D7AC4E9}.Release|Any CPU.Build.0 = Release|Any CPU
		{6F687258-6503-42AB-A8FD-94FB8D7AC4E9}.Release|x64.ActiveCfg = Release|Any CPU
		{6F687258-6503-42AB-A8FD-94FB8D7AC4E9}.Release|x64.Build.0 = Release|Any CPU
		{6F687258-6503-42AB-A8FD-94FB8D7AC4E9}.Release|x86.ActiveCfg = Release|Any CPU
		{6F687258-6503-42AB-A8FD-94FB8D7AC4E9}.Release|x86.Build.0 = Release|Any CPU
		{1088FD74-6D99-4889-ABA8-FBADD7441881}.Debug|Any CPU.ActiveCfg = Debug|Any CPU
		{1088FD74-6D99-4889-ABA8-FBADD7441881}.Debug|Any CPU.Build.0 = Debug|Any CPU
		{1088FD74-6D99-4889-ABA8-FBADD7441881}.Debug|x64.ActiveCfg = Debug|Any CPU
		{1088FD74-6D99-4889-ABA8-FBADD7441881}.Debug|x64.Build.0 = Debug|Any CPU
		{1088FD74-6D99-4889-ABA8-FBADD7441881}.Debug|x86.ActiveCfg = Debug|Any CPU
		{1088FD74-6D99-4889-ABA8-FBADD7441881}.Debug|x86.Build.0 = Debug|Any CPU
		{1088FD74-6D99-4889-ABA8-FBADD7441881}.Release|Any CPU.ActiveCfg = Release|Any CPU
		{1088FD74-6D99-4889-ABA8-FBADD7441881}.Release|Any CPU.Build.0 = Release|Any CPU
		{1088FD74-6D99-4889-ABA8-FBADD7441881}.Release|x64.ActiveCfg = Release|Any CPU
		{1088FD74-6D99-4889-ABA8-FBADD7441881}.Release|x64.Build.0 = Release|Any CPU
		{1088FD74-6D99-4889-ABA8-FBADD7441881}.Release|x86.ActiveCfg = Release|Any CPU
		{1088FD74-6D99-4889-ABA8-FBADD7441881}.Release|x86.Build.0 = Release|Any CPU
		{0EE864AC-17F2-4C7E-A5E5-6295873305EF}.Debug|Any CPU.ActiveCfg = Debug|Any CPU
		{0EE864AC-17F2-4C7E-A5E5-6295873305EF}.Debug|Any CPU.Build.0 = Debug|Any CPU
		{0EE864AC-17F2-4C7E-A5E5-6295873305EF}.Debug|x64.ActiveCfg = Debug|Any CPU
		{0EE864AC-17F2-4C7E-A5E5-6295873305EF}.Debug|x64.Build.0 = Debug|Any CPU
		{0EE864AC-17F2-4C7E-A5E5-6295873305EF}.Debug|x86.ActiveCfg = Debug|Any CPU
		{0EE864AC-17F2-4C7E-A5E5-6295873305EF}.Debug|x86.Build.0 = Debug|Any CPU
		{0EE864AC-17F2-4C7E-A5E5-6295873305EF}.Release|Any CPU.ActiveCfg = Release|Any CPU
		{0EE864AC-17F2-4C7E-A5E5-6295873305EF}.Release|Any CPU.Build.0 = Release|Any CPU
		{0EE864AC-17F2-4C7E-A5E5-6295873305EF}.Release|x64.ActiveCfg = Release|Any CPU
		{0EE864AC-17F2-4C7E-A5E5-6295873305EF}.Release|x64.Build.0 = Release|Any CPU
		{0EE864AC-17F2-4C7E-A5E5-6295873305EF}.Release|x86.ActiveCfg = Release|Any CPU
		{0EE864AC-17F2-4C7E-A5E5-6295873305EF}.Release|x86.Build.0 = Release|Any CPU
		{2D771EA8-5667-4A34-85EB-14F939BE6625}.Debug|Any CPU.ActiveCfg = Debug|Any CPU
		{2D771EA8-5667-4A34-85EB-14F939BE6625}.Debug|Any CPU.Build.0 = Debug|Any CPU
		{2D771EA8-5667-4A34-85EB-14F939BE6625}.Debug|x64.ActiveCfg = Debug|Any CPU
		{2D771EA8-5667-4A34-85EB-14F939BE6625}.Debug|x64.Build.0 = Debug|Any CPU
		{2D771EA8-5667-4A34-85EB-14F939BE6625}.Debug|x86.ActiveCfg = Debug|Any CPU
		{2D771EA8-5667-4A34-85EB-14F939BE6625}.Debug|x86.Build.0 = Debug|Any CPU
		{2D771EA8-5667-4A34-85EB-14F939BE6625}.Release|Any CPU.ActiveCfg = Release|Any CPU
		{2D771EA8-5667-4A34-85EB-14F939BE6625}.Release|Any CPU.Build.0 = Release|Any CPU
		{2D771EA8-5667-4A34-85EB-14F939BE6625}.Release|x64.ActiveCfg = Release|Any CPU
		{2D771EA8-5667-4A34-85EB-14F939BE6625}.Release|x64.Build.0 = Release|Any CPU
		{2D771EA8-5667-4A34-85EB-14F939BE6625}.Release|x86.ActiveCfg = Release|Any CPU
		{2D771EA8-5667-4A34-85EB-14F939BE6625}.Release|x86.Build.0 = Release|Any CPU
		{7C39D557-5BCA-46AA-A20F-84D5AEC89C83}.Debug|Any CPU.ActiveCfg = Debug|Any CPU
		{7C39D557-5BCA-46AA-A20F-84D5AEC89C83}.Debug|Any CPU.Build.0 = Debug|Any CPU
		{7C39D557-5BCA-46AA-A20F-84D5AEC89C83}.Debug|x64.ActiveCfg = Debug|Any CPU
		{7C39D557-5BCA-46AA-A20F-84D5AEC89C83}.Debug|x64.Build.0 = Debug|Any CPU
		{7C39D557-5BCA-46AA-A20F-84D5AEC89C83}.Debug|x86.ActiveCfg = Debug|Any CPU
		{7C39D557-5BCA-46AA-A20F-84D5AEC89C83}.Debug|x86.Build.0 = Debug|Any CPU
		{7C39D557-5BCA-46AA-A20F-84D5AEC89C83}.Release|Any CPU.ActiveCfg = Release|Any CPU
		{7C39D557-5BCA-46AA-A20F-84D5AEC89C83}.Release|Any CPU.Build.0 = Release|Any CPU
		{7C39D557-5BCA-46AA-A20F-84D5AEC89C83}.Release|x64.ActiveCfg = Release|Any CPU
		{7C39D557-5BCA-46AA-A20F-84D5AEC89C83}.Release|x64.Build.0 = Release|Any CPU
		{7C39D557-5BCA-46AA-A20F-84D5AEC89C83}.Release|x86.ActiveCfg = Release|Any CPU
		{7C39D557-5BCA-46AA-A20F-84D5AEC89C83}.Release|x86.Build.0 = Release|Any CPU
		{C17273E7-1A42-4B3D-B7D2-897E5FA35861}.Debug|Any CPU.ActiveCfg = Debug|Any CPU
		{C17273E7-1A42-4B3D-B7D2-897E5FA35861}.Debug|Any CPU.Build.0 = Debug|Any CPU
		{C17273E7-1A42-4B3D-B7D2-897E5FA35861}.Debug|x64.ActiveCfg = Debug|Any CPU
		{C17273E7-1A42-4B3D-B7D2-897E5FA35861}.Debug|x64.Build.0 = Debug|Any CPU
		{C17273E7-1A42-4B3D-B7D2-897E5FA35861}.Debug|x86.ActiveCfg = Debug|Any CPU
		{C17273E7-1A42-4B3D-B7D2-897E5FA35861}.Debug|x86.Build.0 = Debug|Any CPU
		{C17273E7-1A42-4B3D-B7D2-897E5FA35861}.Release|Any CPU.ActiveCfg = Release|Any CPU
		{C17273E7-1A42-4B3D-B7D2-897E5FA35861}.Release|Any CPU.Build.0 = Release|Any CPU
		{C17273E7-1A42-4B3D-B7D2-897E5FA35861}.Release|x64.ActiveCfg = Release|Any CPU
		{C17273E7-1A42-4B3D-B7D2-897E5FA35861}.Release|x64.Build.0 = Release|Any CPU
		{C17273E7-1A42-4B3D-B7D2-897E5FA35861}.Release|x86.ActiveCfg = Release|Any CPU
		{C17273E7-1A42-4B3D-B7D2-897E5FA35861}.Release|x86.Build.0 = Release|Any CPU
		{E8F53940-7D82-4F1C-8621-4084A7D1DF3D}.Debug|Any CPU.ActiveCfg = Debug|Any CPU
		{E8F53940-7D82-4F1C-8621-4084A7D1DF3D}.Debug|Any CPU.Build.0 = Debug|Any CPU
		{E8F53940-7D82-4F1C-8621-4084A7D1DF3D}.Debug|x64.ActiveCfg = Debug|Any CPU
		{E8F53940-7D82-4F1C-8621-4084A7D1DF3D}.Debug|x64.Build.0 = Debug|Any CPU
		{E8F53940-7D82-4F1C-8621-4084A7D1DF3D}.Debug|x86.ActiveCfg = Debug|Any CPU
		{E8F53940-7D82-4F1C-8621-4084A7D1DF3D}.Debug|x86.Build.0 = Debug|Any CPU
		{E8F53940-7D82-4F1C-8621-4084A7D1DF3D}.Release|Any CPU.ActiveCfg = Release|Any CPU
		{E8F53940-7D82-4F1C-8621-4084A7D1DF3D}.Release|Any CPU.Build.0 = Release|Any CPU
		{E8F53940-7D82-4F1C-8621-4084A7D1DF3D}.Release|x64.ActiveCfg = Release|Any CPU
		{E8F53940-7D82-4F1C-8621-4084A7D1DF3D}.Release|x64.Build.0 = Release|Any CPU
		{E8F53940-7D82-4F1C-8621-4084A7D1DF3D}.Release|x86.ActiveCfg = Release|Any CPU
		{E8F53940-7D82-4F1C-8621-4084A7D1DF3D}.Release|x86.Build.0 = Release|Any CPU
		{52DA9560-2AFB-4291-81D3-88D579E6E9A7}.Debug|Any CPU.ActiveCfg = Debug|Any CPU
		{52DA9560-2AFB-4291-81D3-88D579E6E9A7}.Debug|Any CPU.Build.0 = Debug|Any CPU
		{52DA9560-2AFB-4291-81D3-88D579E6E9A7}.Debug|x64.ActiveCfg = Debug|Any CPU
		{52DA9560-2AFB-4291-81D3-88D579E6E9A7}.Debug|x64.Build.0 = Debug|Any CPU
		{52DA9560-2AFB-4291-81D3-88D579E6E9A7}.Debug|x86.ActiveCfg = Debug|Any CPU
		{52DA9560-2AFB-4291-81D3-88D579E6E9A7}.Debug|x86.Build.0 = Debug|Any CPU
		{52DA9560-2AFB-4291-81D3-88D579E6E9A7}.Release|Any CPU.ActiveCfg = Release|Any CPU
		{52DA9560-2AFB-4291-81D3-88D579E6E9A7}.Release|Any CPU.Build.0 = Release|Any CPU
		{52DA9560-2AFB-4291-81D3-88D579E6E9A7}.Release|x64.ActiveCfg = Release|Any CPU
		{52DA9560-2AFB-4291-81D3-88D579E6E9A7}.Release|x64.Build.0 = Release|Any CPU
		{52DA9560-2AFB-4291-81D3-88D579E6E9A7}.Release|x86.ActiveCfg = Release|Any CPU
		{52DA9560-2AFB-4291-81D3-88D579E6E9A7}.Release|x86.Build.0 = Release|Any CPU
	EndGlobalSection
	GlobalSection(SolutionProperties) = preSolution
		HideSolutionNode = FALSE
	EndGlobalSection
	GlobalSection(NestedProjects) = preSolution
		{2B967932-98E2-4021-AA65-7C446670B98E} = {A653D5D2-56A4-4F5E-B585-5EC6C0814294}
		{D2033E27-0D48-4155-8E13-312EE0EF8763} = {A653D5D2-56A4-4F5E-B585-5EC6C0814294}
		{2E5542A2-0D18-40A3-B30E-6CC7B853AE16} = {91B8D1DD-A173-48F0-9DEC-69CFCDAAB7F0}
		{62D2BCD7-7545-4C74-97A7-3806D6F76B02} = {91B8D1DD-A173-48F0-9DEC-69CFCDAAB7F0}
		{A1A592C3-C0A1-4CE2-AE65-5CD54BE79A30} = {91B8D1DD-A173-48F0-9DEC-69CFCDAAB7F0}
		{6F687258-6503-42AB-A8FD-94FB8D7AC4E9} = {A653D5D2-56A4-4F5E-B585-5EC6C0814294}
		{1088FD74-6D99-4889-ABA8-FBADD7441881} = {9C4D6BDE-69A9-40A1-BAE8-CBEBB990B137}
		{0EE864AC-17F2-4C7E-A5E5-6295873305EF} = {9C4D6BDE-69A9-40A1-BAE8-CBEBB990B137}
		{2D771EA8-5667-4A34-85EB-14F939BE6625} = {9C4D6BDE-69A9-40A1-BAE8-CBEBB990B137}
		{7C39D557-5BCA-46AA-A20F-84D5AEC89C83} = {41650A92-CBFA-43C0-92DB-1789B208BC81}
		{C17273E7-1A42-4B3D-B7D2-897E5FA35861} = {91B8D1DD-A173-48F0-9DEC-69CFCDAAB7F0}
		{E8F53940-7D82-4F1C-8621-4084A7D1DF3D} = {91B8D1DD-A173-48F0-9DEC-69CFCDAAB7F0}
	EndGlobalSection
	GlobalSection(ExtensibilityGlobals) = postSolution
		SolutionGuid = {4368D3FD-3189-4AD7-9801-CF327254BF4E}
	EndGlobalSection
EndGlobal
